
Microsoft Visual Studio Solution File, Format Version 12.00
# Visual Studio Version 16
VisualStudioVersion = 16.0.29306.81
MinimumVisualStudioVersion = 10.0.40219.1
Project("{FAE04EC0-301F-11D3-BF4B-00C04F79EFBC}") = "Threshold-Take-Us-To-The-Threshold", "Threshold-Take-Us-To-The-Threshold\Threshold-Take-Us-To-The-Threshold.csproj", "{5EAC6385-545F-4650-8E04-F62490897894}"
EndProject
Global
	GlobalSection(SolutionConfigurationPlatforms) = preSolution
		Debug|Any CPU = Debug|Any CPU
		Release|Any CPU = Release|Any CPU
	EndGlobalSection
	GlobalSection(ProjectConfigurationPlatforms) = postSolution
		{5EAC6385-545F-4650-8E04-F62490897894}.Debug|Any CPU.ActiveCfg = Debug|Any CPU
		{5EAC6385-545F-4650-8E04-F62490897894}.Debug|Any CPU.Build.0 = Debug|Any CPU
		{5EAC6385-545F-4650-8E04-F62490897894}.Release|Any CPU.ActiveCfg = Release|Any CPU
		{5EAC6385-545F-4650-8E04-F62490897894}.Release|Any CPU.Build.0 = Release|Any CPU
	EndGlobalSection
	GlobalSection(SolutionProperties) = preSolution
		HideSolutionNode = FALSE
	EndGlobalSection
	GlobalSection(ExtensibilityGlobals) = postSolution
		SolutionGuid = {AEC8076F-084F-4D63-93C2-BC3FEF8EFD81}
	EndGlobalSection
EndGlobal
