
Microsoft Visual Studio Solution File, Format Version 12.00
# Visual Studio Version 16
VisualStudioVersion = 16.0.29306.81
MinimumVisualStudioVersion = 10.0.40219.1
Project("{FAE04EC0-301F-11D3-BF4B-00C04F79EFBC}") = "media", "media\media.csproj", "{33ACC436-FC58-4B89-AF9A-A021E19F8927}"
EndProject
Global
	GlobalSection(SolutionConfigurationPlatforms) = preSolution
		Debug|Any CPU = Debug|Any CPU
		Release|Any CPU = Release|Any CPU
	EndGlobalSection
	GlobalSection(ProjectConfigurationPlatforms) = postSolution
		{33ACC436-FC58-4B89-AF9A-A021E19F8927}.Debug|Any CPU.ActiveCfg = Debug|Any CPU
		{33ACC436-FC58-4B89-AF9A-A021E19F8927}.Debug|Any CPU.Build.0 = Debug|Any CPU
		{33ACC436-FC58-4B89-AF9A-A021E19F8927}.Release|Any CPU.ActiveCfg = Release|Any CPU
		{33ACC436-FC58-4B89-AF9A-A021E19F8927}.Release|Any CPU.Build.0 = Release|Any CPU
	EndGlobalSection
	GlobalSection(SolutionProperties) = preSolution
		HideSolutionNode = FALSE
	EndGlobalSection
	GlobalSection(ExtensibilityGlobals) = postSolution
		SolutionGuid = {51EE91C6-1D87-405F-A5A4-777D0D90B672}
	EndGlobalSection
EndGlobal
