
Microsoft Visual Studio Solution File, Format Version 12.00
# Visual Studio Version 16
VisualStudioVersion = 16.0.29306.81
MinimumVisualStudioVersion = 10.0.40219.1
Project("{FAE04EC0-301F-11D3-BF4B-00C04F79EFBC}") = "LearningActivity1", "LearningActivity1\LearningActivity1.csproj", "{93EEE280-34D0-4B1F-99F4-6CE08E6CB983}"
EndProject
Global
	GlobalSection(SolutionConfigurationPlatforms) = preSolution
		Debug|Any CPU = Debug|Any CPU
		Release|Any CPU = Release|Any CPU
	EndGlobalSection
	GlobalSection(ProjectConfigurationPlatforms) = postSolution
		{93EEE280-34D0-4B1F-99F4-6CE08E6CB983}.Debug|Any CPU.ActiveCfg = Debug|Any CPU
		{93EEE280-34D0-4B1F-99F4-6CE08E6CB983}.Debug|Any CPU.Build.0 = Debug|Any CPU
		{93EEE280-34D0-4B1F-99F4-6CE08E6CB983}.Release|Any CPU.ActiveCfg = Release|Any CPU
		{93EEE280-34D0-4B1F-99F4-6CE08E6CB983}.Release|Any CPU.Build.0 = Release|Any CPU
	EndGlobalSection
	GlobalSection(SolutionProperties) = preSolution
		HideSolutionNode = FALSE
	EndGlobalSection
	GlobalSection(ExtensibilityGlobals) = postSolution
		SolutionGuid = {B2DFA1C8-DB79-4797-A20E-2B85F7F91D80}
	EndGlobalSection
EndGlobal
