
Microsoft Visual Studio Solution File, Format Version 12.00
# Visual Studio 15
VisualStudioVersion = 15.0.28307.779
MinimumVisualStudioVersion = 10.0.40219.1
Project("{FAE04EC0-301F-11D3-BF4B-00C04F79EFBC}") = "AreaOfTriangle", "AreaOfTriangle\AreaOfTriangle.csproj", "{39633FB8-E913-42F1-A29B-34FEA4BA72D3}"
EndProject
Global
	GlobalSection(SolutionConfigurationPlatforms) = preSolution
		Debug|Any CPU = Debug|Any CPU
		Release|Any CPU = Release|Any CPU
	EndGlobalSection
	GlobalSection(ProjectConfigurationPlatforms) = postSolution
		{39633FB8-E913-42F1-A29B-34FEA4BA72D3}.Debug|Any CPU.ActiveCfg = Debug|Any CPU
		{39633FB8-E913-42F1-A29B-34FEA4BA72D3}.Debug|Any CPU.Build.0 = Debug|Any CPU
		{39633FB8-E913-42F1-A29B-34FEA4BA72D3}.Release|Any CPU.ActiveCfg = Release|Any CPU
		{39633FB8-E913-42F1-A29B-34FEA4BA72D3}.Release|Any CPU.Build.0 = Release|Any CPU
	EndGlobalSection
	GlobalSection(SolutionProperties) = preSolution
		HideSolutionNode = FALSE
	EndGlobalSection
	GlobalSection(ExtensibilityGlobals) = postSolution
		SolutionGuid = {33E63E33-487C-439A-8D70-04476D330F40}
	EndGlobalSection
EndGlobal
