
Microsoft Visual Studio Solution File, Format Version 12.00
# Visual Studio Version 16
VisualStudioVersion = 16.0.29306.81
MinimumVisualStudioVersion = 10.0.40219.1
Project("{FAE04EC0-301F-11D3-BF4B-00C04F79EFBC}") = "HouseDB", "HouseDB\HouseDB.csproj", "{FF062969-0D24-4FF6-96C9-5D27C0AA26BC}"
EndProject
Global
	GlobalSection(SolutionConfigurationPlatforms) = preSolution
		Debug|Any CPU = Debug|Any CPU
		Release|Any CPU = Release|Any CPU
	EndGlobalSection
	GlobalSection(ProjectConfigurationPlatforms) = postSolution
		{FF062969-0D24-4FF6-96C9-5D27C0AA26BC}.Debug|Any CPU.ActiveCfg = Debug|Any CPU
		{FF062969-0D24-4FF6-96C9-5D27C0AA26BC}.Debug|Any CPU.Build.0 = Debug|Any CPU
		{FF062969-0D24-4FF6-96C9-5D27C0AA26BC}.Release|Any CPU.ActiveCfg = Release|Any CPU
		{FF062969-0D24-4FF6-96C9-5D27C0AA26BC}.Release|Any CPU.Build.0 = Release|Any CPU
	EndGlobalSection
	GlobalSection(SolutionProperties) = preSolution
		HideSolutionNode = FALSE
	EndGlobalSection
	GlobalSection(ExtensibilityGlobals) = postSolution
		SolutionGuid = {D4C75DC7-CA45-4868-8369-1EA7460A5C2E}
	EndGlobalSection
EndGlobal
